
Microsoft Visual Studio Solution File, Format Version 12.00
# Visual Studio 15
VisualStudioVersion = 15.0.26124.0
MinimumVisualStudioVersion = 15.0.26124.0
Project("{FAE04EC0-301F-11D3-BF4B-00C04F79EFBC}") = "BDSA2020.Assignment04.App", "BDSA2020.Assignment04.App\BDSA2020.Assignment04.App.csproj", "{45AA32D4-00B6-4E72-9B87-C8B6C8F12111}"
EndProject
Project("{FAE04EC0-301F-11D3-BF4B-00C04F79EFBC}") = "BDSA2020.Assignment04.Entities", "BDSA2020.Assignment04.Entities\BDSA2020.Assignment04.Entities.csproj", "{1B8CA0C5-9363-4688-9ACD-28B18042C350}"
EndProject
Project("{FAE04EC0-301F-11D3-BF4B-00C04F79EFBC}") = "BDSA2020.Assignment04.Models", "BDSA2020.Assignment04.Models\BDSA2020.Assignment04.Models.csproj", "{BCC318FC-A7AE-4711-8B7B-F8B1BE79E5FF}"
EndProject
Project("{FAE04EC0-301F-11D3-BF4B-00C04F79EFBC}") = "BDSA2020.Assignment04.Models.Tests", "BDSA2020.Assignment04.Models.Tests\BDSA2020.Assignment04.Models.Tests.csproj", "{BE68E35B-7017-4F30-8539-56DCAAF7722B}"
EndProject
Global
	GlobalSection(SolutionConfigurationPlatforms) = preSolution
		Debug|Any CPU = Debug|Any CPU
		Debug|x64 = Debug|x64
		Debug|x86 = Debug|x86
		Release|Any CPU = Release|Any CPU
		Release|x64 = Release|x64
		Release|x86 = Release|x86
	EndGlobalSection
	GlobalSection(SolutionProperties) = preSolution
		HideSolutionNode = FALSE
	EndGlobalSection
	GlobalSection(ProjectConfigurationPlatforms) = postSolution
		{45AA32D4-00B6-4E72-9B87-C8B6C8F12111}.Debug|Any CPU.ActiveCfg = Debug|Any CPU
		{45AA32D4-00B6-4E72-9B87-C8B6C8F12111}.Debug|Any CPU.Build.0 = Debug|Any CPU
		{45AA32D4-00B6-4E72-9B87-C8B6C8F12111}.Debug|x64.ActiveCfg = Debug|Any CPU
		{45AA32D4-00B6-4E72-9B87-C8B6C8F12111}.Debug|x64.Build.0 = Debug|Any CPU
		{45AA32D4-00B6-4E72-9B87-C8B6C8F12111}.Debug|x86.ActiveCfg = Debug|Any CPU
		{45AA32D4-00B6-4E72-9B87-C8B6C8F12111}.Debug|x86.Build.0 = Debug|Any CPU
		{45AA32D4-00B6-4E72-9B87-C8B6C8F12111}.Release|Any CPU.ActiveCfg = Release|Any CPU
		{45AA32D4-00B6-4E72-9B87-C8B6C8F12111}.Release|Any CPU.Build.0 = Release|Any CPU
		{45AA32D4-00B6-4E72-9B87-C8B6C8F12111}.Release|x64.ActiveCfg = Release|Any CPU
		{45AA32D4-00B6-4E72-9B87-C8B6C8F12111}.Release|x64.Build.0 = Release|Any CPU
		{45AA32D4-00B6-4E72-9B87-C8B6C8F12111}.Release|x86.ActiveCfg = Release|Any CPU
		{45AA32D4-00B6-4E72-9B87-C8B6C8F12111}.Release|x86.Build.0 = Release|Any CPU
		{1B8CA0C5-9363-4688-9ACD-28B18042C350}.Debug|Any CPU.ActiveCfg = Debug|Any CPU
		{1B8CA0C5-9363-4688-9ACD-28B18042C350}.Debug|Any CPU.Build.0 = Debug|Any CPU
		{1B8CA0C5-9363-4688-9ACD-28B18042C350}.Debug|x64.ActiveCfg = Debug|Any CPU
		{1B8CA0C5-9363-4688-9ACD-28B18042C350}.Debug|x64.Build.0 = Debug|Any CPU
		{1B8CA0C5-9363-4688-9ACD-28B18042C350}.Debug|x86.ActiveCfg = Debug|Any CPU
		{1B8CA0C5-9363-4688-9ACD-28B18042C350}.Debug|x86.Build.0 = Debug|Any CPU
		{1B8CA0C5-9363-4688-9ACD-28B18042C350}.Release|Any CPU.ActiveCfg = Release|Any CPU
		{1B8CA0C5-9363-4688-9ACD-28B18042C350}.Release|Any CPU.Build.0 = Release|Any CPU
		{1B8CA0C5-9363-4688-9ACD-28B18042C350}.Release|x64.ActiveCfg = Release|Any CPU
		{1B8CA0C5-9363-4688-9ACD-28B18042C350}.Release|x64.Build.0 = Release|Any CPU
		{1B8CA0C5-9363-4688-9ACD-28B18042C350}.Release|x86.ActiveCfg = Release|Any CPU
		{1B8CA0C5-9363-4688-9ACD-28B18042C350}.Release|x86.Build.0 = Release|Any CPU
		{BCC318FC-A7AE-4711-8B7B-F8B1BE79E5FF}.Debug|Any CPU.ActiveCfg = Debug|Any CPU
		{BCC318FC-A7AE-4711-8B7B-F8B1BE79E5FF}.Debug|Any CPU.Build.0 = Debug|Any CPU
		{BCC318FC-A7AE-4711-8B7B-F8B1BE79E5FF}.Debug|x64.ActiveCfg = Debug|Any CPU
		{BCC318FC-A7AE-4711-8B7B-F8B1BE79E5FF}.Debug|x64.Build.0 = Debug|Any CPU
		{BCC318FC-A7AE-4711-8B7B-F8B1BE79E5FF}.Debug|x86.ActiveCfg = Debug|Any CPU
		{BCC318FC-A7AE-4711-8B7B-F8B1BE79E5FF}.Debug|x86.Build.0 = Debug|Any CPU
		{BCC318FC-A7AE-4711-8B7B-F8B1BE79E5FF}.Release|Any CPU.ActiveCfg = Release|Any CPU
		{BCC318FC-A7AE-4711-8B7B-F8B1BE79E5FF}.Release|Any CPU.Build.0 = Release|Any CPU
		{BCC318FC-A7AE-4711-8B7B-F8B1BE79E5FF}.Release|x64.ActiveCfg = Release|Any CPU
		{BCC318FC-A7AE-4711-8B7B-F8B1BE79E5FF}.Release|x64.Build.0 = Release|Any CPU
		{BCC318FC-A7AE-4711-8B7B-F8B1BE79E5FF}.Release|x86.ActiveCfg = Release|Any CPU
		{BCC318FC-A7AE-4711-8B7B-F8B1BE79E5FF}.Release|x86.Build.0 = Release|Any CPU
		{BE68E35B-7017-4F30-8539-56DCAAF7722B}.Debug|Any CPU.ActiveCfg = Debug|Any CPU
		{BE68E35B-7017-4F30-8539-56DCAAF7722B}.Debug|Any CPU.Build.0 = Debug|Any CPU
		{BE68E35B-7017-4F30-8539-56DCAAF7722B}.Debug|x64.ActiveCfg = Debug|Any CPU
		{BE68E35B-7017-4F30-8539-56DCAAF7722B}.Debug|x64.Build.0 = Debug|Any CPU
		{BE68E35B-7017-4F30-8539-56DCAAF7722B}.Debug|x86.ActiveCfg = Debug|Any CPU
		{BE68E35B-7017-4F30-8539-56DCAAF7722B}.Debug|x86.Build.0 = Debug|Any CPU
		{BE68E35B-7017-4F30-8539-56DCAAF7722B}.Release|Any CPU.ActiveCfg = Release|Any CPU
		{BE68E35B-7017-4F30-8539-56DCAAF7722B}.Release|Any CPU.Build.0 = Release|Any CPU
		{BE68E35B-7017-4F30-8539-56DCAAF7722B}.Release|x64.ActiveCfg = Release|Any CPU
		{BE68E35B-7017-4F30-8539-56DCAAF7722B}.Release|x64.Build.0 = Release|Any CPU
		{BE68E35B-7017-4F30-8539-56DCAAF7722B}.Release|x86.ActiveCfg = Release|Any CPU
		{BE68E35B-7017-4F30-8539-56DCAAF7722B}.Release|x86.Build.0 = Release|Any CPU
	EndGlobalSection
EndGlobal
